
Microsoft Visual Studio Solution File, Format Version 12.00
# Visual Studio Version 17
VisualStudioVersion = 17.5.33424.131
MinimumVisualStudioVersion = 10.0.40219.1
Project("{FAE04EC0-301F-11D3-BF4B-00C04F79EFBC}") = "NumeroMágico", "NumeroMágico\NumeroMágico.csproj", "{DEDCD059-BCDE-4C1B-9ED7-23D1D65A75B9}"
EndProject
Global
	GlobalSection(SolutionConfigurationPlatforms) = preSolution
		Debug|Any CPU = Debug|Any CPU
		Release|Any CPU = Release|Any CPU
	EndGlobalSection
	GlobalSection(ProjectConfigurationPlatforms) = postSolution
		{DEDCD059-BCDE-4C1B-9ED7-23D1D65A75B9}.Debug|Any CPU.ActiveCfg = Debug|Any CPU
		{DEDCD059-BCDE-4C1B-9ED7-23D1D65A75B9}.Debug|Any CPU.Build.0 = Debug|Any CPU
		{DEDCD059-BCDE-4C1B-9ED7-23D1D65A75B9}.Release|Any CPU.ActiveCfg = Release|Any CPU
		{DEDCD059-BCDE-4C1B-9ED7-23D1D65A75B9}.Release|Any CPU.Build.0 = Release|Any CPU
	EndGlobalSection
	GlobalSection(SolutionProperties) = preSolution
		HideSolutionNode = FALSE
	EndGlobalSection
	GlobalSection(ExtensibilityGlobals) = postSolution
		SolutionGuid = {2B51444F-CBD6-4C65-B121-72C11E2BE6AE}
	EndGlobalSection
EndGlobal
